
Microsoft Visual Studio Solution File, Format Version 12.00
# Visual Studio Version 17
VisualStudioVersion = 17.5.33530.505
MinimumVisualStudioVersion = 10.0.40219.1
Project("{FAE04EC0-301F-11D3-BF4B-00C04F79EFBC}") = "AdvancedProperties", "AdvancedProperties\AdvancedProperties.csproj", "{37E005B8-2B74-411C-91DD-C179B5DB0397}"
EndProject
Global
	GlobalSection(SolutionConfigurationPlatforms) = preSolution
		Debug|Any CPU = Debug|Any CPU
		Release|Any CPU = Release|Any CPU
	EndGlobalSection
	GlobalSection(ProjectConfigurationPlatforms) = postSolution
		{37E005B8-2B74-411C-91DD-C179B5DB0397}.Debug|Any CPU.ActiveCfg = Debug|Any CPU
		{37E005B8-2B74-411C-91DD-C179B5DB0397}.Debug|Any CPU.Build.0 = Debug|Any CPU
		{37E005B8-2B74-411C-91DD-C179B5DB0397}.Release|Any CPU.ActiveCfg = Release|Any CPU
		{37E005B8-2B74-411C-91DD-C179B5DB0397}.Release|Any CPU.Build.0 = Release|Any CPU
	EndGlobalSection
	GlobalSection(SolutionProperties) = preSolution
		HideSolutionNode = FALSE
	EndGlobalSection
	GlobalSection(ExtensibilityGlobals) = postSolution
		SolutionGuid = {21B5DDCB-AA07-4F07-B6B8-EA0A5997386D}
	EndGlobalSection
EndGlobal
